
Microsoft Visual Studio Solution File, Format Version 12.00
# Visual Studio Version 17
VisualStudioVersion = 17.2.32602.215
MinimumVisualStudioVersion = 10.0.40219.1
Project("{FAE04EC0-301F-11D3-BF4B-00C04F79EFBC}") = "GomokuGame", "GomokuGame\GomokuGame.csproj", "{CE93F2CE-6258-411D-9B12-861E0EF986E8}"
EndProject
Project("{FAE04EC0-301F-11D3-BF4B-00C04F79EFBC}") = "GomokuGame.Tests", "GomokuGame.Tests\GomokuGame.Tests.csproj", "{656BE246-52F2-42BF-9185-C62D27A6DE07}"
EndProject
Global
	GlobalSection(SolutionConfigurationPlatforms) = preSolution
		Debug|Any CPU = Debug|Any CPU
		Release|Any CPU = Release|Any CPU
	EndGlobalSection
	GlobalSection(ProjectConfigurationPlatforms) = postSolution
		{CE93F2CE-6258-411D-9B12-861E0EF986E8}.Debug|Any CPU.ActiveCfg = Debug|Any CPU
		{CE93F2CE-6258-411D-9B12-861E0EF986E8}.Debug|Any CPU.Build.0 = Debug|Any CPU
		{CE93F2CE-6258-411D-9B12-861E0EF986E8}.Release|Any CPU.ActiveCfg = Release|Any CPU
		{CE93F2CE-6258-411D-9B12-861E0EF986E8}.Release|Any CPU.Build.0 = Release|Any CPU
		{656BE246-52F2-42BF-9185-C62D27A6DE07}.Debug|Any CPU.ActiveCfg = Debug|Any CPU
		{656BE246-52F2-42BF-9185-C62D27A6DE07}.Debug|Any CPU.Build.0 = Debug|Any CPU
		{656BE246-52F2-42BF-9185-C62D27A6DE07}.Release|Any CPU.ActiveCfg = Release|Any CPU
		{656BE246-52F2-42BF-9185-C62D27A6DE07}.Release|Any CPU.Build.0 = Release|Any CPU
	EndGlobalSection
	GlobalSection(SolutionProperties) = preSolution
		HideSolutionNode = FALSE
	EndGlobalSection
	GlobalSection(ExtensibilityGlobals) = postSolution
		SolutionGuid = {54EDC86E-121A-4972-AF14-0AB334AB1F0E}
	EndGlobalSection
EndGlobal
